
Microsoft Visual Studio Solution File, Format Version 12.00
# Visual Studio Version 16
VisualStudioVersion = 16.0.29519.87
MinimumVisualStudioVersion = 10.0.40219.1
Project("{FAE04EC0-301F-11D3-BF4B-00C04F79EFBC}") = "Aggelies3L2X", "Aggelies3L2X.csproj", "{F0DBE5CD-C1DF-4338-8640-7096E52B34CC}"
EndProject
Project("{FAE04EC0-301F-11D3-BF4B-00C04F79EFBC}") = "AdministratorPanel UI", "AdministratorPanel\AdministratorPanel UI.csproj", "{E81E7F72-D60E-4863-847E-332A121CBE78}"
EndProject
Project("{FAE04EC0-301F-11D3-BF4B-00C04F79EFBC}") = "aggeliesWpfLab", "aggeliesWpfLab\aggeliesWpfLab.csproj", "{CD85BF5B-BC05-4B0A-AFA6-B64CBFAB0E37}"
EndProject
Project("{FAE04EC0-301F-11D3-BF4B-00C04F79EFBC}") = "Login", "Login\Login.csproj", "{51900EA8-7820-4520-9AA6-F8B059FB8D72}"
EndProject
Project("{FAE04EC0-301F-11D3-BF4B-00C04F79EFBC}") = "UserApplication", "UserApplication\UserApplication.csproj", "{67951149-BAD1-4426-B344-E50D9CB95A51}"
EndProject
Project("{2150E333-8FDC-42A3-9474-1A3956D46DE8}") = "AppData", "AppData", "{37FD3382-4912-4F63-B915-E8C37599B3BA}"
	ProjectSection(SolutionItems) = preProject
		AppData\AggeliesDB.accdb = AppData\AggeliesDB.accdb
	EndProjectSection
EndProject
Global
	GlobalSection(SolutionConfigurationPlatforms) = preSolution
		Debug|Any CPU = Debug|Any CPU
		Release|Any CPU = Release|Any CPU
	EndGlobalSection
	GlobalSection(ProjectConfigurationPlatforms) = postSolution
		{F0DBE5CD-C1DF-4338-8640-7096E52B34CC}.Debug|Any CPU.ActiveCfg = Debug|Any CPU
		{F0DBE5CD-C1DF-4338-8640-7096E52B34CC}.Debug|Any CPU.Build.0 = Debug|Any CPU
		{F0DBE5CD-C1DF-4338-8640-7096E52B34CC}.Release|Any CPU.ActiveCfg = Release|Any CPU
		{F0DBE5CD-C1DF-4338-8640-7096E52B34CC}.Release|Any CPU.Build.0 = Release|Any CPU
		{E81E7F72-D60E-4863-847E-332A121CBE78}.Debug|Any CPU.ActiveCfg = Debug|Any CPU
		{E81E7F72-D60E-4863-847E-332A121CBE78}.Debug|Any CPU.Build.0 = Debug|Any CPU
		{E81E7F72-D60E-4863-847E-332A121CBE78}.Release|Any CPU.ActiveCfg = Release|Any CPU
		{E81E7F72-D60E-4863-847E-332A121CBE78}.Release|Any CPU.Build.0 = Release|Any CPU
		{CD85BF5B-BC05-4B0A-AFA6-B64CBFAB0E37}.Debug|Any CPU.ActiveCfg = Debug|Any CPU
		{CD85BF5B-BC05-4B0A-AFA6-B64CBFAB0E37}.Debug|Any CPU.Build.0 = Debug|Any CPU
		{CD85BF5B-BC05-4B0A-AFA6-B64CBFAB0E37}.Release|Any CPU.ActiveCfg = Release|Any CPU
		{CD85BF5B-BC05-4B0A-AFA6-B64CBFAB0E37}.Release|Any CPU.Build.0 = Release|Any CPU
		{51900EA8-7820-4520-9AA6-F8B059FB8D72}.Debug|Any CPU.ActiveCfg = Debug|Any CPU
		{51900EA8-7820-4520-9AA6-F8B059FB8D72}.Debug|Any CPU.Build.0 = Debug|Any CPU
		{51900EA8-7820-4520-9AA6-F8B059FB8D72}.Release|Any CPU.ActiveCfg = Release|Any CPU
		{51900EA8-7820-4520-9AA6-F8B059FB8D72}.Release|Any CPU.Build.0 = Release|Any CPU
		{67951149-BAD1-4426-B344-E50D9CB95A51}.Debug|Any CPU.ActiveCfg = Debug|Any CPU
		{67951149-BAD1-4426-B344-E50D9CB95A51}.Debug|Any CPU.Build.0 = Debug|Any CPU
		{67951149-BAD1-4426-B344-E50D9CB95A51}.Release|Any CPU.ActiveCfg = Release|Any CPU
		{67951149-BAD1-4426-B344-E50D9CB95A51}.Release|Any CPU.Build.0 = Release|Any CPU
	EndGlobalSection
	GlobalSection(SolutionProperties) = preSolution
		HideSolutionNode = FALSE
	EndGlobalSection
	GlobalSection(ExtensibilityGlobals) = postSolution
		SolutionGuid = {1EBBD3D1-9752-4675-A6B2-F2389628AECF}
	EndGlobalSection
EndGlobal
