
Microsoft Visual Studio Solution File, Format Version 12.00
# Visual Studio Version 16
VisualStudioVersion = 16.0.29424.173
MinimumVisualStudioVersion = 10.0.40219.1
Project("{FAE04EC0-301F-11D3-BF4B-00C04F79EFBC}") = "testingMainDB", "testingMainDB\testingMainDB.csproj", "{9C7BA220-D2BF-46B9-BD7D-6643C3BC50DC}"
EndProject
Global
	GlobalSection(SolutionConfigurationPlatforms) = preSolution
		Debug|Any CPU = Debug|Any CPU
		Release|Any CPU = Release|Any CPU
	EndGlobalSection
	GlobalSection(ProjectConfigurationPlatforms) = postSolution
		{9C7BA220-D2BF-46B9-BD7D-6643C3BC50DC}.Debug|Any CPU.ActiveCfg = Debug|Any CPU
		{9C7BA220-D2BF-46B9-BD7D-6643C3BC50DC}.Debug|Any CPU.Build.0 = Debug|Any CPU
		{9C7BA220-D2BF-46B9-BD7D-6643C3BC50DC}.Release|Any CPU.ActiveCfg = Release|Any CPU
		{9C7BA220-D2BF-46B9-BD7D-6643C3BC50DC}.Release|Any CPU.Build.0 = Release|Any CPU
	EndGlobalSection
	GlobalSection(SolutionProperties) = preSolution
		HideSolutionNode = FALSE
	EndGlobalSection
	GlobalSection(ExtensibilityGlobals) = postSolution
		SolutionGuid = {5FDB0D78-D259-4265-9526-7BE1E53ACF35}
	EndGlobalSection
EndGlobal
